
Microsoft Visual Studio Solution File, Format Version 12.00
# Visual Studio Version 17
VisualStudioVersion = 17.9.34728.123
MinimumVisualStudioVersion = 10.0.40219.1
Project("{FAE04EC0-301F-11D3-BF4B-00C04F79EFBC}") = "ProjetoAula02", "aula02\ProjetoAula02.csproj", "{58E48A19-6D53-4F35-B91B-27702921828C}"
EndProject
Project("{FAE04EC0-301F-11D3-BF4B-00C04F79EFBC}") = "Models", "Models\Models.csproj", "{1E3E0DAB-88AE-42D2-8307-4108188E76AE}"
EndProject
Project("{FAE04EC0-301F-11D3-BF4B-00C04F79EFBC}") = "Controllers", "Controllers\Controllers.csproj", "{9EB0851E-81CA-4482-AD1C-3B8D7302AA1D}"
EndProject
Project("{FAE04EC0-301F-11D3-BF4B-00C04F79EFBC}") = "Services", "Services\Services.csproj", "{924D0C84-76EF-4064-B683-ED9BC1B27272}"
EndProject
Project("{FAE04EC0-301F-11D3-BF4B-00C04F79EFBC}") = "Repositories", "Repositories\Repositories.csproj", "{C64901F2-CFA3-4E64-B6A4-3D1A6A823833}"
EndProject
Global
	GlobalSection(SolutionConfigurationPlatforms) = preSolution
		Debug|Any CPU = Debug|Any CPU
		Release|Any CPU = Release|Any CPU
	EndGlobalSection
	GlobalSection(ProjectConfigurationPlatforms) = postSolution
		{58E48A19-6D53-4F35-B91B-27702921828C}.Debug|Any CPU.ActiveCfg = Debug|Any CPU
		{58E48A19-6D53-4F35-B91B-27702921828C}.Debug|Any CPU.Build.0 = Debug|Any CPU
		{58E48A19-6D53-4F35-B91B-27702921828C}.Release|Any CPU.ActiveCfg = Release|Any CPU
		{58E48A19-6D53-4F35-B91B-27702921828C}.Release|Any CPU.Build.0 = Release|Any CPU
		{1E3E0DAB-88AE-42D2-8307-4108188E76AE}.Debug|Any CPU.ActiveCfg = Debug|Any CPU
		{1E3E0DAB-88AE-42D2-8307-4108188E76AE}.Debug|Any CPU.Build.0 = Debug|Any CPU
		{1E3E0DAB-88AE-42D2-8307-4108188E76AE}.Release|Any CPU.ActiveCfg = Release|Any CPU
		{1E3E0DAB-88AE-42D2-8307-4108188E76AE}.Release|Any CPU.Build.0 = Release|Any CPU
		{9EB0851E-81CA-4482-AD1C-3B8D7302AA1D}.Debug|Any CPU.ActiveCfg = Debug|Any CPU
		{9EB0851E-81CA-4482-AD1C-3B8D7302AA1D}.Debug|Any CPU.Build.0 = Debug|Any CPU
		{9EB0851E-81CA-4482-AD1C-3B8D7302AA1D}.Release|Any CPU.ActiveCfg = Release|Any CPU
		{9EB0851E-81CA-4482-AD1C-3B8D7302AA1D}.Release|Any CPU.Build.0 = Release|Any CPU
		{924D0C84-76EF-4064-B683-ED9BC1B27272}.Debug|Any CPU.ActiveCfg = Debug|Any CPU
		{924D0C84-76EF-4064-B683-ED9BC1B27272}.Debug|Any CPU.Build.0 = Debug|Any CPU
		{924D0C84-76EF-4064-B683-ED9BC1B27272}.Release|Any CPU.ActiveCfg = Release|Any CPU
		{924D0C84-76EF-4064-B683-ED9BC1B27272}.Release|Any CPU.Build.0 = Release|Any CPU
		{C64901F2-CFA3-4E64-B6A4-3D1A6A823833}.Debug|Any CPU.ActiveCfg = Debug|Any CPU
		{C64901F2-CFA3-4E64-B6A4-3D1A6A823833}.Debug|Any CPU.Build.0 = Debug|Any CPU
		{C64901F2-CFA3-4E64-B6A4-3D1A6A823833}.Release|Any CPU.ActiveCfg = Release|Any CPU
		{C64901F2-CFA3-4E64-B6A4-3D1A6A823833}.Release|Any CPU.Build.0 = Release|Any CPU
	EndGlobalSection
	GlobalSection(SolutionProperties) = preSolution
		HideSolutionNode = FALSE
	EndGlobalSection
	GlobalSection(ExtensibilityGlobals) = postSolution
		SolutionGuid = {7EF4CB94-F856-420A-84D5-223345E6AC74}
	EndGlobalSection
EndGlobal
